
Microsoft Visual Studio Solution File, Format Version 12.00
# Visual Studio Version 17
VisualStudioVersion = 17.0.31903.59
MinimumVisualStudioVersion = 10.0.40219.1
Project("{FAE04EC0-301F-11D3-BF4B-00C04F79EFBC}") = "sombe", "sombe\sombe.csproj", "{D638D9FD-22C1-4C59-BBB5-92BA58549817}"
EndProject
Global
	GlobalSection(SolutionConfigurationPlatforms) = preSolution
		Debug|Any CPU = Debug|Any CPU
		Release|Any CPU = Release|Any CPU
	EndGlobalSection
	GlobalSection(SolutionProperties) = preSolution
		HideSolutionNode = FALSE
	EndGlobalSection
	GlobalSection(ProjectConfigurationPlatforms) = postSolution
		{D638D9FD-22C1-4C59-BBB5-92BA58549817}.Debug|Any CPU.ActiveCfg = Debug|Any CPU
		{D638D9FD-22C1-4C59-BBB5-92BA58549817}.Debug|Any CPU.Build.0 = Debug|Any CPU
		{D638D9FD-22C1-4C59-BBB5-92BA58549817}.Release|Any CPU.ActiveCfg = Release|Any CPU
		{D638D9FD-22C1-4C59-BBB5-92BA58549817}.Release|Any CPU.Build.0 = Release|Any CPU
	EndGlobalSection
EndGlobal
